PODS:
  - JWTDecode (3.1.0)
  - SpotSense (1.0.1):
    - JWTDecode

DEPENDENCIES:
  - SpotSense (from `/Users/apple/Downloads/spotsenseSDK-ios-0.1.4`)

SPEC REPOS:
  trunk:
    - JWTDecode

EXTERNAL SOURCES:
  SpotSense:
    :path: "/Users/apple/Downloads/spotsenseSDK-ios-0.1.4"

SPEC CHECKSUMS:
  JWTDecode: 3eaab1e06b6f4dcbdd6716aff09ba4c2104ca8b7
  SpotSense: 67eb532938e8c2a43c0206776ca9df1e85641703

PODFILE CHECKSUM: b57b9676144beaea4b63a85c817dbe05b7876da2

COCOAPODS: 1.14.2
